
Microsoft Visual Studio Solution File, Format Version 12.00
# Visual Studio Version 17
VisualStudioVersion = 17.3.32819.101
MinimumVisualStudioVersion = 10.0.40219.1
Project("{9A19103F-16F7-4668-BE54-9A1E7A4F7556}") = "CreditService", "CreditService\CreditService.csproj", "{CBDB21B3-E740-4826-A99F-F2129768A78E}"
EndProject
Project("{FAE04EC0-301F-11D3-BF4B-00C04F79EFBC}") = "Common", "Common\Common.csproj", "{B245CF4F-31C6-4A22-AD58-7C7C910B0F98}"
EndProject
Project("{FAE04EC0-301F-11D3-BF4B-00C04F79EFBC}") = "Repository", "Repository\Repository.csproj", "{9631DCD9-6585-434D-B1D2-480E934E34D5}"
EndProject
Project("{FAE04EC0-301F-11D3-BF4B-00C04F79EFBC}") = "Services", "Services\Services.csproj", "{016F67F6-56DE-44E9-BC3C-02231A8BC9C9}"
EndProject
Project("{FAE04EC0-301F-11D3-BF4B-00C04F79EFBC}") = "Model", "Model\Model.csproj", "{12E0822A-E82A-49DD-9228-5D880D13C47B}"
EndProject
Project("{FAE04EC0-301F-11D3-BF4B-00C04F79EFBC}") = "CreditApi", "CreditApi\CreditApi.csproj", "{CF8F0BA9-B954-4211-9B9E-95E08656DB6E}"
EndProject
Project("{2150E333-8FDC-42A3-9474-1A3956D46DE8}") = "Core", "Core", "{02C0E79F-8D33-4C39-9E31-DDAE46980433}"
EndProject
Project("{2150E333-8FDC-42A3-9474-1A3956D46DE8}") = "01- Domain", "01- Domain", "{BF85D08B-EA29-4990-9868-4900EC837DFF}"
EndProject
Project("{2150E333-8FDC-42A3-9474-1A3956D46DE8}") = "03- EndPoint", "03- EndPoint", "{9EFF39C0-CD40-41C4-8F01-02D765EED782}"
EndProject
Project("{2150E333-8FDC-42A3-9474-1A3956D46DE8}") = "02- Service", "02- Service", "{BE08879D-9136-4D3F-8EBF-C21DA6EABC2C}"
EndProject
Global
	GlobalSection(SolutionConfigurationPlatforms) = preSolution
		Debug|Any CPU = Debug|Any CPU
		Release|Any CPU = Release|Any CPU
	EndGlobalSection
	GlobalSection(ProjectConfigurationPlatforms) = postSolution
		{CBDB21B3-E740-4826-A99F-F2129768A78E}.Debug|Any CPU.ActiveCfg = Debug|Any CPU
		{CBDB21B3-E740-4826-A99F-F2129768A78E}.Debug|Any CPU.Build.0 = Debug|Any CPU
		{CBDB21B3-E740-4826-A99F-F2129768A78E}.Release|Any CPU.ActiveCfg = Release|Any CPU
		{CBDB21B3-E740-4826-A99F-F2129768A78E}.Release|Any CPU.Build.0 = Release|Any CPU
		{B245CF4F-31C6-4A22-AD58-7C7C910B0F98}.Debug|Any CPU.ActiveCfg = Debug|Any CPU
		{B245CF4F-31C6-4A22-AD58-7C7C910B0F98}.Debug|Any CPU.Build.0 = Debug|Any CPU
		{B245CF4F-31C6-4A22-AD58-7C7C910B0F98}.Release|Any CPU.ActiveCfg = Release|Any CPU
		{B245CF4F-31C6-4A22-AD58-7C7C910B0F98}.Release|Any CPU.Build.0 = Release|Any CPU
		{9631DCD9-6585-434D-B1D2-480E934E34D5}.Debug|Any CPU.ActiveCfg = Debug|Any CPU
		{9631DCD9-6585-434D-B1D2-480E934E34D5}.Debug|Any CPU.Build.0 = Debug|Any CPU
		{9631DCD9-6585-434D-B1D2-480E934E34D5}.Release|Any CPU.ActiveCfg = Release|Any CPU
		{9631DCD9-6585-434D-B1D2-480E934E34D5}.Release|Any CPU.Build.0 = Release|Any CPU
		{016F67F6-56DE-44E9-BC3C-02231A8BC9C9}.Debug|Any CPU.ActiveCfg = Debug|Any CPU
		{016F67F6-56DE-44E9-BC3C-02231A8BC9C9}.Debug|Any CPU.Build.0 = Debug|Any CPU
		{016F67F6-56DE-44E9-BC3C-02231A8BC9C9}.Release|Any CPU.ActiveCfg = Release|Any CPU
		{016F67F6-56DE-44E9-BC3C-02231A8BC9C9}.Release|Any CPU.Build.0 = Release|Any CPU
		{12E0822A-E82A-49DD-9228-5D880D13C47B}.Debug|Any CPU.ActiveCfg = Debug|Any CPU
		{12E0822A-E82A-49DD-9228-5D880D13C47B}.Debug|Any CPU.Build.0 = Debug|Any CPU
		{12E0822A-E82A-49DD-9228-5D880D13C47B}.Release|Any CPU.ActiveCfg = Release|Any CPU
		{12E0822A-E82A-49DD-9228-5D880D13C47B}.Release|Any CPU.Build.0 = Release|Any CPU
		{CF8F0BA9-B954-4211-9B9E-95E08656DB6E}.Debug|Any CPU.ActiveCfg = Debug|Any CPU
		{CF8F0BA9-B954-4211-9B9E-95E08656DB6E}.Debug|Any CPU.Build.0 = Debug|Any CPU
		{CF8F0BA9-B954-4211-9B9E-95E08656DB6E}.Release|Any CPU.ActiveCfg = Release|Any CPU
		{CF8F0BA9-B954-4211-9B9E-95E08656DB6E}.Release|Any CPU.Build.0 = Release|Any CPU
	EndGlobalSection
	GlobalSection(SolutionProperties) = preSolution
		HideSolutionNode = FALSE
	EndGlobalSection
	GlobalSection(NestedProjects) = preSolution
		{B245CF4F-31C6-4A22-AD58-7C7C910B0F98} = {02C0E79F-8D33-4C39-9E31-DDAE46980433}
		{9631DCD9-6585-434D-B1D2-480E934E34D5} = {BF85D08B-EA29-4990-9868-4900EC837DFF}
		{016F67F6-56DE-44E9-BC3C-02231A8BC9C9} = {BE08879D-9136-4D3F-8EBF-C21DA6EABC2C}
		{12E0822A-E82A-49DD-9228-5D880D13C47B} = {BF85D08B-EA29-4990-9868-4900EC837DFF}
		{CF8F0BA9-B954-4211-9B9E-95E08656DB6E} = {9EFF39C0-CD40-41C4-8F01-02D765EED782}
	EndGlobalSection
	GlobalSection(ExtensibilityGlobals) = postSolution
		SolutionGuid = {09277DA4-7C4E-410D-B6E8-79FA61700BC9}
	EndGlobalSection
EndGlobal
